
Microsoft Visual Studio Solution File, Format Version 12.00
# Visual Studio 14
VisualStudioVersion = 14.0.25420.1
MinimumVisualStudioVersion = 10.0.40219.1
Project("{FAE04EC0-301F-11D3-BF4B-00C04F79EFBC}") = "AuxiliaryLibraries.IpAddress", "AuxiliaryLibraries.IpAddress\AuxiliaryLibraries.IpAddress.csproj", "{05B5388E-870E-406B-B9C8-6D81961B2C25}"
EndProject
Project("{FAE04EC0-301F-11D3-BF4B-00C04F79EFBC}") = "AuxiliaryLibraries.RestApiCall", "AuxiliaryLibraries.RestApiCall\AuxiliaryLibraries.RestApiCall.csproj", "{0F1F95B1-9027-40CC-889C-79EE2EBEA2D6}"
EndProject
Project("{FAE04EC0-301F-11D3-BF4B-00C04F79EFBC}") = "AuxiliaryLibraries.Calendar", "AuxiliaryLibraries.Calendar\AuxiliaryLibraries.Calendar.csproj", "{AF6D0EE6-8ABF-45FD-91A5-EC3E2C67C514}"
EndProject
Project("{FAE04EC0-301F-11D3-BF4B-00C04F79EFBC}") = "AuxiliaryLibraries.StringExtentions", "AuxiliaryLibraries.StringExtentions\AuxiliaryLibraries.StringExtentions.csproj", "{6D4B60B6-FB31-4997-B248-CC44A1C6ABAE}"
EndProject
Project("{FAE04EC0-301F-11D3-BF4B-00C04F79EFBC}") = "AuxiliaryLibraries.LogService", "AuxiliaryLibraries.LogService\AuxiliaryLibraries.LogService.csproj", "{BB33B43D-9D14-41BE-A95C-DC4468248A2F}"
EndProject
Project("{FAE04EC0-301F-11D3-BF4B-00C04F79EFBC}") = "AuxiliaryLibraries.Encription", "AuxiliaryLibraries.Encription\AuxiliaryLibraries.Encription.csproj", "{15D70220-7C55-43D0-BEEC-7A68105BBC70}"
EndProject
Project("{FAE04EC0-301F-11D3-BF4B-00C04F79EFBC}") = "AuxiliaryLibraries.FileHelpers", "AuxiliaryLibraries.FileHelpers\AuxiliaryLibraries.FileHelpers.csproj", "{4B6D450D-3CC0-4B13-8BB9-F27059F46ECA}"
EndProject
Global
	GlobalSection(SolutionConfigurationPlatforms) = preSolution
		Debug|Any CPU = Debug|Any CPU
		Release|Any CPU = Release|Any CPU
	EndGlobalSection
	GlobalSection(ProjectConfigurationPlatforms) = postSolution
		{05B5388E-870E-406B-B9C8-6D81961B2C25}.Debug|Any CPU.ActiveCfg = Debug|Any CPU
		{05B5388E-870E-406B-B9C8-6D81961B2C25}.Debug|Any CPU.Build.0 = Debug|Any CPU
		{05B5388E-870E-406B-B9C8-6D81961B2C25}.Release|Any CPU.ActiveCfg = Release|Any CPU
		{05B5388E-870E-406B-B9C8-6D81961B2C25}.Release|Any CPU.Build.0 = Release|Any CPU
		{0F1F95B1-9027-40CC-889C-79EE2EBEA2D6}.Debug|Any CPU.ActiveCfg = Debug|Any CPU
		{0F1F95B1-9027-40CC-889C-79EE2EBEA2D6}.Debug|Any CPU.Build.0 = Debug|Any CPU
		{0F1F95B1-9027-40CC-889C-79EE2EBEA2D6}.Release|Any CPU.ActiveCfg = Release|Any CPU
		{0F1F95B1-9027-40CC-889C-79EE2EBEA2D6}.Release|Any CPU.Build.0 = Release|Any CPU
		{AF6D0EE6-8ABF-45FD-91A5-EC3E2C67C514}.Debug|Any CPU.ActiveCfg = Debug|Any CPU
		{AF6D0EE6-8ABF-45FD-91A5-EC3E2C67C514}.Debug|Any CPU.Build.0 = Debug|Any CPU
		{AF6D0EE6-8ABF-45FD-91A5-EC3E2C67C514}.Release|Any CPU.ActiveCfg = Release|Any CPU
		{AF6D0EE6-8ABF-45FD-91A5-EC3E2C67C514}.Release|Any CPU.Build.0 = Release|Any CPU
		{6D4B60B6-FB31-4997-B248-CC44A1C6ABAE}.Debug|Any CPU.ActiveCfg = Debug|Any CPU
		{6D4B60B6-FB31-4997-B248-CC44A1C6ABAE}.Debug|Any CPU.Build.0 = Debug|Any CPU
		{6D4B60B6-FB31-4997-B248-CC44A1C6ABAE}.Release|Any CPU.ActiveCfg = Release|Any CPU
		{6D4B60B6-FB31-4997-B248-CC44A1C6ABAE}.Release|Any CPU.Build.0 = Release|Any CPU
		{BB33B43D-9D14-41BE-A95C-DC4468248A2F}.Debug|Any CPU.ActiveCfg = Debug|Any CPU
		{BB33B43D-9D14-41BE-A95C-DC4468248A2F}.Debug|Any CPU.Build.0 = Debug|Any CPU
		{BB33B43D-9D14-41BE-A95C-DC4468248A2F}.Release|Any CPU.ActiveCfg = Release|Any CPU
		{BB33B43D-9D14-41BE-A95C-DC4468248A2F}.Release|Any CPU.Build.0 = Release|Any CPU
		{15D70220-7C55-43D0-BEEC-7A68105BBC70}.Debug|Any CPU.ActiveCfg = Debug|Any CPU
		{15D70220-7C55-43D0-BEEC-7A68105BBC70}.Debug|Any CPU.Build.0 = Debug|Any CPU
		{15D70220-7C55-43D0-BEEC-7A68105BBC70}.Release|Any CPU.ActiveCfg = Release|Any CPU
		{15D70220-7C55-43D0-BEEC-7A68105BBC70}.Release|Any CPU.Build.0 = Release|Any CPU
		{4B6D450D-3CC0-4B13-8BB9-F27059F46ECA}.Debug|Any CPU.ActiveCfg = Debug|Any CPU
		{4B6D450D-3CC0-4B13-8BB9-F27059F46ECA}.Debug|Any CPU.Build.0 = Debug|Any CPU
		{4B6D450D-3CC0-4B13-8BB9-F27059F46ECA}.Release|Any CPU.ActiveCfg = Release|Any CPU
		{4B6D450D-3CC0-4B13-8BB9-F27059F46ECA}.Release|Any CPU.Build.0 = Release|Any CPU
	EndGlobalSection
	GlobalSection(SolutionProperties) = preSolution
		HideSolutionNode = FALSE
	EndGlobalSection
EndGlobal
